
Microsoft Visual Studio Solution File, Format Version 12.00
# Visual Studio 15
VisualStudioVersion = 15.0.27130.2036
MinimumVisualStudioVersion = 10.0.40219.1
Project("{FAE04EC0-301F-11D3-BF4B-00C04F79EFBC}") = "csharplesson1", "csharplesson1\csharplesson1.csproj", "{852B6C0C-2D7A-416E-89CB-420957D022DC}"
EndProject
Global
	GlobalSection(SolutionConfigurationPlatforms) = preSolution
		Debug|Any CPU = Debug|Any CPU
		Release|Any CPU = Release|Any CPU
	EndGlobalSection
	GlobalSection(ProjectConfigurationPlatforms) = postSolution
		{852B6C0C-2D7A-416E-89CB-420957D022DC}.Debug|Any CPU.ActiveCfg = Debug|Any CPU
		{852B6C0C-2D7A-416E-89CB-420957D022DC}.Debug|Any CPU.Build.0 = Debug|Any CPU
		{852B6C0C-2D7A-416E-89CB-420957D022DC}.Release|Any CPU.ActiveCfg = Release|Any CPU
		{852B6C0C-2D7A-416E-89CB-420957D022DC}.Release|Any CPU.Build.0 = Release|Any CPU
	EndGlobalSection
	GlobalSection(SolutionProperties) = preSolution
		HideSolutionNode = FALSE
	EndGlobalSection
	GlobalSection(ExtensibilityGlobals) = postSolution
		SolutionGuid = {1686421D-2AA1-4B3C-9AB2-68035502917F}
	EndGlobalSection
EndGlobal
